
Microsoft Visual Studio Solution File, Format Version 12.00
# Visual Studio Version 17
VisualStudioVersion = 17.10.35027.167
MinimumVisualStudioVersion = 10.0.40219.1
Project("{FAE04EC0-301F-11D3-BF4B-00C04F79EFBC}") = "BL", "BL\BL.csproj", "{271951E7-71FF-44DD-B92C-FB1947761579}"
EndProject
Project("{FAE04EC0-301F-11D3-BF4B-00C04F79EFBC}") = "DAL", "DAL\DAL.csproj", "{F4D04B43-B006-4E8D-A2B5-8FF16021FD56}"
EndProject
Project("{FAE04EC0-301F-11D3-BF4B-00C04F79EFBC}") = "DTO", "DTO\DTO.csproj", "{213CBEC3-F7B9-4883-92B7-1828477336A8}"
EndProject
Project("{FAE04EC0-301F-11D3-BF4B-00C04F79EFBC}") = "UI", "UI\UI.csproj", "{0D710B85-D9B8-4D54-8332-35B15BB2E3BB}"
EndProject
Global
	GlobalSection(SolutionConfigurationPlatforms) = preSolution
		Debug|Any CPU = Debug|Any CPU
		Release|Any CPU = Release|Any CPU
	EndGlobalSection
	GlobalSection(ProjectConfigurationPlatforms) = postSolution
		{271951E7-71FF-44DD-B92C-FB1947761579}.Debug|Any CPU.ActiveCfg = Debug|Any CPU
		{271951E7-71FF-44DD-B92C-FB1947761579}.Debug|Any CPU.Build.0 = Debug|Any CPU
		{271951E7-71FF-44DD-B92C-FB1947761579}.Release|Any CPU.ActiveCfg = Release|Any CPU
		{271951E7-71FF-44DD-B92C-FB1947761579}.Release|Any CPU.Build.0 = Release|Any CPU
		{F4D04B43-B006-4E8D-A2B5-8FF16021FD56}.Debug|Any CPU.ActiveCfg = Debug|Any CPU
		{F4D04B43-B006-4E8D-A2B5-8FF16021FD56}.Debug|Any CPU.Build.0 = Debug|Any CPU
		{F4D04B43-B006-4E8D-A2B5-8FF16021FD56}.Release|Any CPU.ActiveCfg = Release|Any CPU
		{F4D04B43-B006-4E8D-A2B5-8FF16021FD56}.Release|Any CPU.Build.0 = Release|Any CPU
		{213CBEC3-F7B9-4883-92B7-1828477336A8}.Debug|Any CPU.ActiveCfg = Debug|Any CPU
		{213CBEC3-F7B9-4883-92B7-1828477336A8}.Debug|Any CPU.Build.0 = Debug|Any CPU
		{213CBEC3-F7B9-4883-92B7-1828477336A8}.Release|Any CPU.ActiveCfg = Release|Any CPU
		{213CBEC3-F7B9-4883-92B7-1828477336A8}.Release|Any CPU.Build.0 = Release|Any CPU
		{0D710B85-D9B8-4D54-8332-35B15BB2E3BB}.Debug|Any CPU.ActiveCfg = Debug|Any CPU
		{0D710B85-D9B8-4D54-8332-35B15BB2E3BB}.Debug|Any CPU.Build.0 = Debug|Any CPU
		{0D710B85-D9B8-4D54-8332-35B15BB2E3BB}.Release|Any CPU.ActiveCfg = Release|Any CPU
		{0D710B85-D9B8-4D54-8332-35B15BB2E3BB}.Release|Any CPU.Build.0 = Release|Any CPU
	EndGlobalSection
	GlobalSection(SolutionProperties) = preSolution
		HideSolutionNode = FALSE
	EndGlobalSection
	GlobalSection(ExtensibilityGlobals) = postSolution
		SolutionGuid = {68F304BF-FAC6-43A6-8835-BC2AAE3E858A}
	EndGlobalSection
EndGlobal
